
Microsoft Visual Studio Solution File, Format Version 12.00
# Visual Studio Version 16
VisualStudioVersion = 16.0.31624.102
MinimumVisualStudioVersion = 10.0.40219.1
Project("{FAE04EC0-301F-11D3-BF4B-00C04F79EFBC}") = "App.Share", "App.Share\App.Share.csproj", "{3130A539-940F-4B47-8B5B-C6D2BF345D29}"
EndProject
Project("{FAE04EC0-301F-11D3-BF4B-00C04F79EFBC}") = "App.Data", "App.Data\App.Data.csproj", "{2F960115-C057-4F2B-B51A-5FCE3601F894}"
EndProject
Project("{FAE04EC0-301F-11D3-BF4B-00C04F79EFBC}") = "App.Web", "App.Web\App.Web.csproj", "{6D27648C-C4D3-42FF-9C6B-4751B6303BA3}"
EndProject
Global
	GlobalSection(SolutionConfigurationPlatforms) = preSolution
		Debug|Any CPU = Debug|Any CPU
		Release|Any CPU = Release|Any CPU
	EndGlobalSection
	GlobalSection(ProjectConfigurationPlatforms) = postSolution
		{3130A539-940F-4B47-8B5B-C6D2BF345D29}.Debug|Any CPU.ActiveCfg = Debug|Any CPU
		{3130A539-940F-4B47-8B5B-C6D2BF345D29}.Debug|Any CPU.Build.0 = Debug|Any CPU
		{3130A539-940F-4B47-8B5B-C6D2BF345D29}.Release|Any CPU.ActiveCfg = Release|Any CPU
		{3130A539-940F-4B47-8B5B-C6D2BF345D29}.Release|Any CPU.Build.0 = Release|Any CPU
		{2F960115-C057-4F2B-B51A-5FCE3601F894}.Debug|Any CPU.ActiveCfg = Debug|Any CPU
		{2F960115-C057-4F2B-B51A-5FCE3601F894}.Debug|Any CPU.Build.0 = Debug|Any CPU
		{2F960115-C057-4F2B-B51A-5FCE3601F894}.Release|Any CPU.ActiveCfg = Release|Any CPU
		{2F960115-C057-4F2B-B51A-5FCE3601F894}.Release|Any CPU.Build.0 = Release|Any CPU
		{6D27648C-C4D3-42FF-9C6B-4751B6303BA3}.Debug|Any CPU.ActiveCfg = Debug|Any CPU
		{6D27648C-C4D3-42FF-9C6B-4751B6303BA3}.Debug|Any CPU.Build.0 = Debug|Any CPU
		{6D27648C-C4D3-42FF-9C6B-4751B6303BA3}.Release|Any CPU.ActiveCfg = Release|Any CPU
		{6D27648C-C4D3-42FF-9C6B-4751B6303BA3}.Release|Any CPU.Build.0 = Release|Any CPU
	EndGlobalSection
	GlobalSection(SolutionProperties) = preSolution
		HideSolutionNode = FALSE
	EndGlobalSection
	GlobalSection(ExtensibilityGlobals) = postSolution
		SolutionGuid = {2066D156-4C98-4D12-951F-1D91300615EE}
	EndGlobalSection
EndGlobal
